
Microsoft Visual Studio Solution File, Format Version 12.00
# Visual Studio 14
VisualStudioVersion = 14.0.25420.1
MinimumVisualStudioVersion = 10.0.40219.1
Project("{FAE04EC0-301F-11D3-BF4B-00C04F79EFBC}") = "UserBalances", "UserBalances\UserBalances.csproj", "{D99298C9-51CA-4099-94DE-2703D4627F81}"
EndProject
Project("{FAE04EC0-301F-11D3-BF4B-00C04F79EFBC}") = "UserBalances.Tests", "UserBalances.Tests\UserBalances.Tests.csproj", "{38A610DB-402B-4299-BBB2-CF3A7E209D21}"
EndProject
Global
	GlobalSection(SolutionConfigurationPlatforms) = preSolution
		Debug|Any CPU = Debug|Any CPU
		Release|Any CPU = Release|Any CPU
	EndGlobalSection
	GlobalSection(ProjectConfigurationPlatforms) = postSolution
		{D99298C9-51CA-4099-94DE-2703D4627F81}.Debug|Any CPU.ActiveCfg = Debug|Any CPU
		{D99298C9-51CA-4099-94DE-2703D4627F81}.Debug|Any CPU.Build.0 = Debug|Any CPU
		{D99298C9-51CA-4099-94DE-2703D4627F81}.Release|Any CPU.ActiveCfg = Release|Any CPU
		{D99298C9-51CA-4099-94DE-2703D4627F81}.Release|Any CPU.Build.0 = Release|Any CPU
		{38A610DB-402B-4299-BBB2-CF3A7E209D21}.Debug|Any CPU.ActiveCfg = Debug|Any CPU
		{38A610DB-402B-4299-BBB2-CF3A7E209D21}.Debug|Any CPU.Build.0 = Debug|Any CPU
		{38A610DB-402B-4299-BBB2-CF3A7E209D21}.Release|Any CPU.ActiveCfg = Release|Any CPU
		{38A610DB-402B-4299-BBB2-CF3A7E209D21}.Release|Any CPU.Build.0 = Release|Any CPU
	EndGlobalSection
	GlobalSection(SolutionProperties) = preSolution
		HideSolutionNode = FALSE
	EndGlobalSection
EndGlobal
